
Microsoft Visual Studio Solution File, Format Version 12.00
# Visual Studio 15
VisualStudioVersion = 15.0.27428.2002
MinimumVisualStudioVersion = 10.0.40219.1
Project("{FAE04EC0-301F-11D3-BF4B-00C04F79EFBC}") = "CarlosRojas", "CarlosRojas\CarlosRojas.csproj", "{815D1701-74A1-4A3F-9EA4-447539C6BBFF}"
EndProject
Global
	GlobalSection(SolutionConfigurationPlatforms) = preSolution
		Debug|Any CPU = Debug|Any CPU
		Release|Any CPU = Release|Any CPU
	EndGlobalSection
	GlobalSection(ProjectConfigurationPlatforms) = postSolution
		{815D1701-74A1-4A3F-9EA4-447539C6BBFF}.Debug|Any CPU.ActiveCfg = Debug|Any CPU
		{815D1701-74A1-4A3F-9EA4-447539C6BBFF}.Debug|Any CPU.Build.0 = Debug|Any CPU
		{815D1701-74A1-4A3F-9EA4-447539C6BBFF}.Release|Any CPU.ActiveCfg = Release|Any CPU
		{815D1701-74A1-4A3F-9EA4-447539C6BBFF}.Release|Any CPU.Build.0 = Release|Any CPU
	EndGlobalSection
	GlobalSection(SolutionProperties) = preSolution
		HideSolutionNode = FALSE
	EndGlobalSection
	GlobalSection(ExtensibilityGlobals) = postSolution
		SolutionGuid = {2BA84653-84D5-4AF3-87D4-A58A1C128D2A}
	EndGlobalSection
EndGlobal
